
Microsoft Visual Studio Solution File, Format Version 12.00
# Visual Studio Version 16
VisualStudioVersion = 16.0.32126.315
MinimumVisualStudioVersion = 10.0.40219.1
Project("{FAE04EC0-301F-11D3-BF4B-00C04F79EFBC}") = "P22514022022HomeWork2", "P22514022022HomeWork2.csproj", "{3E04256D-A5CC-4CDD-8339-D8B8BF44D6A7}"
EndProject
Global
	GlobalSection(SolutionConfigurationPlatforms) = preSolution
		Debug|Any CPU = Debug|Any CPU
		Release|Any CPU = Release|Any CPU
	EndGlobalSection
	GlobalSection(ProjectConfigurationPlatforms) = postSolution
		{3E04256D-A5CC-4CDD-8339-D8B8BF44D6A7}.Debug|Any CPU.ActiveCfg = Debug|Any CPU
		{3E04256D-A5CC-4CDD-8339-D8B8BF44D6A7}.Debug|Any CPU.Build.0 = Debug|Any CPU
		{3E04256D-A5CC-4CDD-8339-D8B8BF44D6A7}.Release|Any CPU.ActiveCfg = Release|Any CPU
		{3E04256D-A5CC-4CDD-8339-D8B8BF44D6A7}.Release|Any CPU.Build.0 = Release|Any CPU
	EndGlobalSection
	GlobalSection(SolutionProperties) = preSolution
		HideSolutionNode = FALSE
	EndGlobalSection
	GlobalSection(ExtensibilityGlobals) = postSolution
		SolutionGuid = {8251FE26-67B1-451F-8042-62B7C1929CB4}
	EndGlobalSection
EndGlobal
