
Microsoft Visual Studio Solution File, Format Version 12.00
# Visual Studio Version 16
VisualStudioVersion = 16.0.32126.315
MinimumVisualStudioVersion = 10.0.40219.1
Project("{FAE04EC0-301F-11D3-BF4B-00C04F79EFBC}") = "P225polymorphysm", "P225polymorphysm.csproj", "{05B02EF3-BC56-4EDC-A513-D2D6D9338944}"
EndProject
Global
	GlobalSection(SolutionConfigurationPlatforms) = preSolution
		Debug|Any CPU = Debug|Any CPU
		Release|Any CPU = Release|Any CPU
	EndGlobalSection
	GlobalSection(ProjectConfigurationPlatforms) = postSolution
		{05B02EF3-BC56-4EDC-A513-D2D6D9338944}.Debug|Any CPU.ActiveCfg = Debug|Any CPU
		{05B02EF3-BC56-4EDC-A513-D2D6D9338944}.Debug|Any CPU.Build.0 = Debug|Any CPU
		{05B02EF3-BC56-4EDC-A513-D2D6D9338944}.Release|Any CPU.ActiveCfg = Release|Any CPU
		{05B02EF3-BC56-4EDC-A513-D2D6D9338944}.Release|Any CPU.Build.0 = Release|Any CPU
	EndGlobalSection
	GlobalSection(SolutionProperties) = preSolution
		HideSolutionNode = FALSE
	EndGlobalSection
	GlobalSection(ExtensibilityGlobals) = postSolution
		SolutionGuid = {B6AA0F9B-4821-40E4-8E1F-9E259963AD30}
	EndGlobalSection
EndGlobal
